
Microsoft Visual Studio Solution File, Format Version 12.00
# Visual Studio Version 16
VisualStudioVersion = 16.0.29709.97
MinimumVisualStudioVersion = 10.0.40219.1
Project("{FAE04EC0-301F-11D3-BF4B-00C04F79EFBC}") = "Danetki", "Danetki.csproj", "{D6A3B9A1-47BC-4D0C-9FFE-96892BB82F2A}"
EndProject
Global
	GlobalSection(SolutionConfigurationPlatforms) = preSolution
		Debug|Any CPU = Debug|Any CPU
		Release|Any CPU = Release|Any CPU
	EndGlobalSection
	GlobalSection(ProjectConfigurationPlatforms) = postSolution
		{D6A3B9A1-47BC-4D0C-9FFE-96892BB82F2A}.Debug|Any CPU.ActiveCfg = Debug|Any CPU
		{D6A3B9A1-47BC-4D0C-9FFE-96892BB82F2A}.Debug|Any CPU.Build.0 = Debug|Any CPU
		{D6A3B9A1-47BC-4D0C-9FFE-96892BB82F2A}.Release|Any CPU.ActiveCfg = Release|Any CPU
		{D6A3B9A1-47BC-4D0C-9FFE-96892BB82F2A}.Release|Any CPU.Build.0 = Release|Any CPU
	EndGlobalSection
	GlobalSection(SolutionProperties) = preSolution
		HideSolutionNode = FALSE
	EndGlobalSection
	GlobalSection(ExtensibilityGlobals) = postSolution
		SolutionGuid = {F0CCED68-B42B-4619-8BDB-71C661415D58}
	EndGlobalSection
EndGlobal
